// !$*UTF8*$!
{
	archiveVersion = 1;
	classes = {
	};
	objectVersion = 48;
	objects = {

/* Begin PBXBuildFile section */
		AB011E6C2026540F000F27D6 /* LoginViewController.swift in Sources */ = {isa = PBXBuildFile; fileRef = AB011E6B2026540F000F27D6 /* LoginViewController.swift */; };
		AB1B0DFF201F606B009F7701 /* AppDelegate.swift in Sources */ = {isa = PBXBuildFile; fileRef = AB1B0DFE201F606B009F7701 /* AppDelegate.swift */; };
		AB1B0E04201F606B009F7701 /* Main.storyboard in Resources */ = {isa = PBXBuildFile; fileRef = AB1B0E02201F606B009F7701 /* Main.storyboard */; };
		AB1B0E06201F606B009F7701 /* Assets.xcassets in Resources */ = {isa = PBXBuildFile; fileRef = AB1B0E05201F606B009F7701 /* Assets.xcassets */; };
		AB1B0E09201F606B009F7701 /* LaunchScreen.storyboard in Resources */ = {isa = PBXBuildFile; fileRef = AB1B0E07201F606B009F7701 /* LaunchScreen.storyboard */; };
		AB1B0E11201F66F1009F7701 /* PostDetailsVC.swift in Sources */ = {isa = PBXBuildFile; fileRef = AB1B0E10201F66F1009F7701 /* PostDetailsVC.swift */; };
		AB1B0E13201F672D009F7701 /* PostCell.swift in Sources */ = {isa = PBXBuildFile; fileRef = AB1B0E12201F672D009F7701 /* PostCell.swift */; };
		AB1B0E15201F6746009F7701 /* PostData.swift in Sources */ = {isa = PBXBuildFile; fileRef = AB1B0E14201F6746009F7701 /* PostData.swift */; };
		AB1B0E17201F6761009F7701 /* APIManager.swift in Sources */ = {isa = PBXBuildFile; fileRef = AB1B0E16201F6761009F7701 /* APIManager.swift */; };
		AB325231202896920009587A /* UserData.swift in Sources */ = {isa = PBXBuildFile; fileRef = AB325230202896920009587A /* UserData.swift */; };
		AB3252332028977F0009587A /* AuthorizePresenter.swift in Sources */ = {isa = PBXBuildFile; fileRef = AB3252322028977F0009587A /* AuthorizePresenter.swift */; };
		AB325235202897E50009587A /* AuthorizeView.swift in Sources */ = {isa = PBXBuildFile; fileRef = AB325234202897E50009587A /* AuthorizeView.swift */; };
		AB527D96202258BC00822613 /* PostsView.swift in Sources */ = {isa = PBXBuildFile; fileRef = AB527D95202258BC00822613 /* PostsView.swift */; };
		AB527D98202258C800822613 /* PostPresenter.swift in Sources */ = {isa = PBXBuildFile; fileRef = AB527D97202258C800822613 /* PostPresenter.swift */; };
		AB982B6C2023D5CD00CE7072 /* AddCommentView.swift in Sources */ = {isa = PBXBuildFile; fileRef = AB982B6B2023D5CD00CE7072 /* AddCommentView.swift */; };
		ABBCA4D5201FCF1C00F8E99D /* PostsVC.swift in Sources */ = {isa = PBXBuildFile; fileRef = ABBCA4D4201FCF1C00F8E99D /* PostsVC.swift */; };
		ABD42A592023AB7A0075E9E5 /* PostContentView.swift in Sources */ = {isa = PBXBuildFile; fileRef = ABD42A582023AB7A0075E9E5 /* PostContentView.swift */; };
		ABD42A5B2023AB8F0075E9E5 /* PostCommentsCell.swift in Sources */ = {isa = PBXBuildFile; fileRef = ABD42A5A2023AB8F0075E9E5 /* PostCommentsCell.swift */; };
		ABD42A5F2023ABEA0075E9E5 /* MarkData.swift in Sources */ = {isa = PBXBuildFile; fileRef = ABD42A5E2023ABE90075E9E5 /* MarkData.swift */; };
		ABD42A612023ABFF0075E9E5 /* CommentData.swift in Sources */ = {isa = PBXBuildFile; fileRef = ABD42A602023ABFF0075E9E5 /* CommentData.swift */; };
		ABD42A632023BFDD0075E9E5 /* PostDetailsPresenter.swift in Sources */ = {isa = PBXBuildFile; fileRef = ABD42A622023BFDC0075E9E5 /* PostDetailsPresenter.swift */; };
		ABD42A652023BFF30075E9E5 /* PostsDetailsView.swift in Sources */ = {isa = PBXBuildFile; fileRef = ABD42A642023BFF30075E9E5 /* PostsDetailsView.swift */; };
		B8311811532D4DA20A947B58 /* Pods_BashtaBlog.framework in Frameworks */ = {isa = PBXBuildFile; fileRef = A13DD23AC34081700892DD2F /* Pods_BashtaBlog.framework */; };
/* End PBXBuildFile section */

/* Begin PBXFileReference section */
		4234CC41B949C0A52F7E96D6 /* Pods-BashtaBlog.release.xcconfig */ = {isa = PBXFileReference; includeInIndex = 1; lastKnownFileType = text.xcconfig; name = "Pods-BashtaBlog.release.xcconfig"; path = "Pods/Target Support Files/Pods-BashtaBlog/Pods-BashtaBlog.release.xcconfig"; sourceTree = "<group>"; };
		74F19590AF9C28D034BBE813 /* Pods-BashtaBlog.debug.xcconfig */ = {isa = PBXFileReference; includeInIndex = 1; lastKnownFileType = text.xcconfig; name = "Pods-BashtaBlog.debug.xcconfig"; path = "Pods/Target Support Files/Pods-BashtaBlog/Pods-BashtaBlog.debug.xcconfig"; sourceTree = "<group>"; };
		A13DD23AC34081700892DD2F /* Pods_BashtaBlog.framework */ = {isa = PBXFileReference; explicitFileType = wrapper.framework; includeInIndex = 0; path = Pods_BashtaBlog.framework; sourceTree = BUILT_PRODUCTS_DIR; };
		AB011E6B2026540F000F27D6 /* LoginViewController.swift */ = {isa = PBXFileReference; fileEncoding = 4; lastKnownFileType = sourcecode.swift; path = LoginViewController.swift; sourceTree = "<group>"; };
		AB1B0DFB201F606B009F7701 /* BashtaBlog.app */ = {isa = PBXFileReference; explicitFileType = wrapper.application; includeInIndex = 0; path = BashtaBlog.app; sourceTree = BUILT_PRODUCTS_DIR; };
		AB1B0DFE201F606B009F7701 /* AppDelegate.swift */ = {isa = PBXFileReference; lastKnownFileType = sourcecode.swift; path = AppDelegate.swift; sourceTree = "<group>"; };
		AB1B0E03201F606B009F7701 /* Base */ = {isa = PBXFileReference; lastKnownFileType = file.storyboard; name = Base; path = Base.lproj/Main.storyboard; sourceTree = "<group>"; };
		AB1B0E05201F606B009F7701 /* Assets.xcassets */ = {isa = PBXFileReference; lastKnownFileType = folder.assetcatalog; path = Assets.xcassets; sourceTree = "<group>"; };
		AB1B0E08201F606B009F7701 /* Base */ = {isa = PBXFileReference; lastKnownFileType = file.storyboard; name = Base; path = Base.lproj/LaunchScreen.storyboard; sourceTree = "<group>"; };
		AB1B0E0A201F606B009F7701 /* Info.plist */ = {isa = PBXFileReference; lastKnownFileType = text.plist.xml; path = Info.plist; sourceTree = "<group>"; };
		AB1B0E10201F66F1009F7701 /* PostDetailsVC.swift */ = {isa = PBXFileReference; lastKnownFileType = sourcecode.swift; path = PostDetailsVC.swift; sourceTree = "<group>"; };
		AB1B0E12201F672D009F7701 /* PostCell.swift */ = {isa = PBXFileReference; lastKnownFileType = sourcecode.swift; path = PostCell.swift; sourceTree = "<group>"; };
		AB1B0E14201F6746009F7701 /* PostData.swift */ = {isa = PBXFileReference; lastKnownFileType = sourcecode.swift; path = PostData.swift; sourceTree = "<group>"; };
		AB1B0E16201F6761009F7701 /* APIManager.swift */ = {isa = PBXFileReference; lastKnownFileType = sourcecode.swift; path = APIManager.swift; sourceTree = "<group>"; };
		AB325230202896920009587A /* UserData.swift */ = {isa = PBXFileReference; lastKnownFileType = sourcecode.swift; path = UserData.swift; sourceTree = "<group>"; };
		AB3252322028977F0009587A /* AuthorizePresenter.swift */ = {isa = PBXFileReference; lastKnownFileType = sourcecode.swift; path = AuthorizePresenter.swift; sourceTree = "<group>"; };
		AB325234202897E50009587A /* AuthorizeView.swift */ = {isa = PBXFileReference; lastKnownFileType = sourcecode.swift; path = AuthorizeView.swift; sourceTree = "<group>"; };
		AB527D95202258BC00822613 /* PostsView.swift */ = {isa = PBXFileReference; lastKnownFileType = sourcecode.swift; path = PostsView.swift; sourceTree = "<group>"; };
		AB527D97202258C800822613 /* PostPresenter.swift */ = {isa = PBXFileReference; lastKnownFileType = sourcecode.swift; path = PostPresenter.swift; sourceTree = "<group>"; };
		AB982B6B2023D5CD00CE7072 /* AddCommentView.swift */ = {isa = PBXFileReference; fileEncoding = 4; lastKnownFileType = sourcecode.swift; path = AddCommentView.swift; sourceTree = "<group>"; };
		ABBCA4D4201FCF1C00F8E99D /* PostsVC.swift */ = {isa = PBXFileReference; fileEncoding = 4; lastKnownFileType = sourcecode.swift; path = PostsVC.swift; sourceTree = "<group>"; };
		ABD42A582023AB7A0075E9E5 /* PostContentView.swift */ = {isa = PBXFileReference; lastKnownFileType = sourcecode.swift; path = PostContentView.swift; sourceTree = "<group>"; };
		ABD42A5A2023AB8F0075E9E5 /* PostCommentsCell.swift */ = {isa = PBXFileReference; lastKnownFileType = sourcecode.swift; path = PostCommentsCell.swift; sourceTree = "<group>"; };
		ABD42A5E2023ABE90075E9E5 /* MarkData.swift */ = {isa = PBXFileReference; lastKnownFileType = sourcecode.swift; path = MarkData.swift; sourceTree = "<group>"; };
		ABD42A602023ABFF0075E9E5 /* CommentData.swift */ = {isa = PBXFileReference; lastKnownFileType = sourcecode.swift; path = CommentData.swift; sourceTree = "<group>"; };
		ABD42A622023BFDC0075E9E5 /* PostDetailsPresenter.swift */ = {isa = PBXFileReference; lastKnownFileType = sourcecode.swift; path = PostDetailsPresenter.swift; sourceTree = "<group>"; };
		ABD42A642023BFF30075E9E5 /* PostsDetailsView.swift */ = {isa = PBXFileReference; lastKnownFileType = sourcecode.swift; path = PostsDetailsView.swift; sourceTree = "<group>"; };
/* End PBXFileReference section */

/* Begin PBXFrameworksBuildPhase section */
		AB1B0DF8201F606B009F7701 /* Frameworks */ = {
			isa = PBXFrameworksBuildPhase;
			buildActionMask = 2147483647;
			files = (
				B8311811532D4DA20A947B58 /* Pods_BashtaBlog.framework in Frameworks */,
			);
			runOnlyForDeploymentPostprocessing = 0;
		};
/* End PBXFrameworksBuildPhase section */

/* Begin PBXGroup section */
		5296DD60FBC65A8A04DE716F /* Frameworks */ = {
			isa = PBXGroup;
			children = (
				A13DD23AC34081700892DD2F /* Pods_BashtaBlog.framework */,
			);
			name = Frameworks;
			sourceTree = "<group>";
		};
		9D7F520DFD2A79DA74723667 /* Pods */ = {
			isa = PBXGroup;
			children = (
				74F19590AF9C28D034BBE813 /* Pods-BashtaBlog.debug.xcconfig */,
				4234CC41B949C0A52F7E96D6 /* Pods-BashtaBlog.release.xcconfig */,
			);
			name = Pods;
			sourceTree = "<group>";
		};
		AB1B0DF2201F606B009F7701 = {
			isa = PBXGroup;
			children = (
				AB1B0DFD201F606B009F7701 /* BashtaBlog */,
				AB1B0DFC201F606B009F7701 /* Products */,
				9D7F520DFD2A79DA74723667 /* Pods */,
				5296DD60FBC65A8A04DE716F /* Frameworks */,
			);
			sourceTree = "<group>";
		};
		AB1B0DFC201F606B009F7701 /* Products */ = {
			isa = PBXGroup;
			children = (
				AB1B0DFB201F606B009F7701 /* BashtaBlog.app */,
			);
			name = Products;
			sourceTree = "<group>";
		};
		AB1B0DFD201F606B009F7701 /* BashtaBlog */ = {
			isa = PBXGroup;
			children = (
				AB1B0DFE201F606B009F7701 /* AppDelegate.swift */,
				AB527D91202257B300822613 /* APIManager */,
				AB527D9A202258E700822613 /* Presenters */,
				AB527D94202257D900822613 /* Views */,
				AB527D93202257C500822613 /* View Controllers */,
				AB527D92202257BB00822613 /* Models */,
				AB1B0E05201F606B009F7701 /* Assets.xcassets */,
				AB1B0E02201F606B009F7701 /* Main.storyboard */,
				AB1B0E07201F606B009F7701 /* LaunchScreen.storyboard */,
				AB1B0E0A201F606B009F7701 /* Info.plist */,
			);
			path = BashtaBlog;
			sourceTree = "<group>";
		};
		AB527D91202257B300822613 /* APIManager */ = {
			isa = PBXGroup;
			children = (
				AB1B0E16201F6761009F7701 /* APIManager.swift */,
			);
			path = APIManager;
			sourceTree = "<group>";
		};
		AB527D92202257BB00822613 /* Models */ = {
			isa = PBXGroup;
			children = (
				AB325230202896920009587A /* UserData.swift */,
				AB1B0E14201F6746009F7701 /* PostData.swift */,
				ABD42A5E2023ABE90075E9E5 /* MarkData.swift */,
				ABD42A602023ABFF0075E9E5 /* CommentData.swift */,
			);
			path = Models;
			sourceTree = "<group>";
		};
		AB527D93202257C500822613 /* View Controllers */ = {
			isa = PBXGroup;
			children = (
				AB011E6B2026540F000F27D6 /* LoginViewController.swift */,
				ABBCA4D4201FCF1C00F8E99D /* PostsVC.swift */,
				AB1B0E10201F66F1009F7701 /* PostDetailsVC.swift */,
			);
			path = "View Controllers";
			sourceTree = "<group>";
		};
		AB527D94202257D900822613 /* Views */ = {
			isa = PBXGroup;
			children = (
				AB325234202897E50009587A /* AuthorizeView.swift */,
				AB527D95202258BC00822613 /* PostsView.swift */,
				ABD42A642023BFF30075E9E5 /* PostsDetailsView.swift */,
				AB527D99202258DA00822613 /* TableViewCells */,
			);
			path = Views;
			sourceTree = "<group>";
		};
		AB527D99202258DA00822613 /* TableViewCells */ = {
			isa = PBXGroup;
			children = (
				AB1B0E12201F672D009F7701 /* PostCell.swift */,
				ABD42A582023AB7A0075E9E5 /* PostContentView.swift */,
				ABD42A5A2023AB8F0075E9E5 /* PostCommentsCell.swift */,
				AB982B6B2023D5CD00CE7072 /* AddCommentView.swift */,
			);
			path = TableViewCells;
			sourceTree = "<group>";
		};
		AB527D9A202258E700822613 /* Presenters */ = {
			isa = PBXGroup;
			children = (
				AB3252322028977F0009587A /* AuthorizePresenter.swift */,
				AB527D97202258C800822613 /* PostPresenter.swift */,
				ABD42A622023BFDC0075E9E5 /* PostDetailsPresenter.swift */,
			);
			path = Presenters;
			sourceTree = "<group>";
		};
/* End PBXGroup section */

/* Begin PBXNativeTarget section */
		AB1B0DFA201F606B009F7701 /* BashtaBlog */ = {
			isa = PBXNativeTarget;
			buildConfigurationList = AB1B0E0D201F606B009F7701 /* Build configuration list for PBXNativeTarget "BashtaBlog" */;
			buildPhases = (
				B479A6254CB7A549432E4F70 /* [CP] Check Pods Manifest.lock */,
				AB1B0DF7201F606B009F7701 /* Sources */,
				AB1B0DF8201F606B009F7701 /* Frameworks */,
				AB1B0DF9201F606B009F7701 /* Resources */,
				06ADD466F094F81E95BA1E2D /* [CP] Embed Pods Frameworks */,
				54A712B9FE627D2421F9C90F /* [CP] Copy Pods Resources */,
			);
			buildRules = (
			);
			dependencies = (
			);
			name = BashtaBlog;
			productName = BashtaBlog;
			productReference = AB1B0DFB201F606B009F7701 /* BashtaBlog.app */;
			productType = "com.apple.product-type.application";
		};
/* End PBXNativeTarget section */

/* Begin PBXProject section */
		AB1B0DF3201F606B009F7701 /* Project object */ = {
			isa = PBXProject;
			attributes = {
				LastSwiftUpdateCheck = 0920;
				LastUpgradeCheck = 0920;
				ORGANIZATIONNAME = "Andrey Bashta";
				TargetAttributes = {
					AB1B0DFA201F606B009F7701 = {
						CreatedOnToolsVersion = 9.2;
						ProvisioningStyle = Automatic;
					};
				};
			};
			buildConfigurationList = AB1B0DF6201F606B009F7701 /* Build configuration list for PBXProject "BashtaBlog" */;
			compatibilityVersion = "Xcode 8.0";
			developmentRegion = en;
			hasScannedForEncodings = 0;
			knownRegions = (
				en,
				Base,
			);
			mainGroup = AB1B0DF2201F606B009F7701;
			productRefGroup = AB1B0DFC201F606B009F7701 /* Products */;
			projectDirPath = "";
			projectRoot = "";
			targets = (
				AB1B0DFA201F606B009F7701 /* BashtaBlog */,
			);
		};
/* End PBXProject section */

/* Begin PBXResourcesBuildPhase section */
		AB1B0DF9201F606B009F7701 /* Resources */ = {
			isa = PBXResourcesBuildPhase;
			buildActionMask = 2147483647;
			files = (
				AB1B0E09201F606B009F7701 /* LaunchScreen.storyboard in Resources */,
				AB1B0E06201F606B009F7701 /* Assets.xcassets in Resources */,
				AB1B0E04201F606B009F7701 /* Main.storyboard in Resources */,
			);
			runOnlyForDeploymentPostprocessing = 0;
		};
/* End PBXResourcesBuildPhase section */

/* Begin PBXShellScriptBuildPhase section */
		06ADD466F094F81E95BA1E2D /* [CP] Embed Pods Frameworks */ = {
			isa = PBXShellScriptBuildPhase;
			buildActionMask = 2147483647;
			files = (
			);
			inputPaths = (
				"${SRCROOT}/Pods/Target Support Files/Pods-BashtaBlog/Pods-BashtaBlog-frameworks.sh",
				"${BUILT_PRODUCTS_DIR}/Alamofire/Alamofire.framework",
				"${BUILT_PRODUCTS_DIR}/Unbox/Unbox.framework",
			);
			name = "[CP] Embed Pods Frameworks";
			outputPaths = (
				"${TARGET_BUILD_DIR}/${FRAMEWORKS_FOLDER_PATH}/Alamofire.framework",
				"${TARGET_BUILD_DIR}/${FRAMEWORKS_FOLDER_PATH}/Unbox.framework",
			);
			runOnlyForDeploymentPostprocessing = 0;
			shellPath = /bin/sh;
			shellScript = "\"${SRCROOT}/Pods/Target Support Files/Pods-BashtaBlog/Pods-BashtaBlog-frameworks.sh\"\n";
			showEnvVarsInLog = 0;
		};
		54A712B9FE627D2421F9C90F /* [CP] Copy Pods Resources */ = {
			isa = PBXShellScriptBuildPhase;
			buildActionMask = 2147483647;
			files = (
			);
			inputPaths = (
			);
			name = "[CP] Copy Pods Resources";
			outputPaths = (
			);
			runOnlyForDeploymentPostprocessing = 0;
			shellPath = /bin/sh;
			shellScript = "\"${SRCROOT}/Pods/Target Support Files/Pods-BashtaBlog/Pods-BashtaBlog-resources.sh\"\n";
			showEnvVarsInLog = 0;
		};
		B479A6254CB7A549432E4F70 /* [CP] Check Pods Manifest.lock */ = {
			isa = PBXShellScriptBuildPhase;
			buildActionMask = 2147483647;
			files = (
			);
			inputPaths = (
				"${PODS_PODFILE_DIR_PATH}/Podfile.lock",
				"${PODS_ROOT}/Manifest.lock",
			);
			name = "[CP] Check Pods Manifest.lock";
			outputPaths = (
				"$(DERIVED_FILE_DIR)/Pods-BashtaBlog-checkManifestLockResult.txt",
			);
			runOnlyForDeploymentPostprocessing = 0;
			shellPath = /bin/sh;
			shellScript = "diff \"${PODS_PODFILE_DIR_PATH}/Podfile.lock\" \"${PODS_ROOT}/Manifest.lock\" > /dev/null\nif [ $? != 0 ] ; then\n    # print error to STDERR\n    echo \"error: The sandbox is not in sync with the Podfile.lock. Run 'pod install' or update your CocoaPods installation.\" >&2\n    exit 1\nfi\n# This output is used by Xcode 'outputs' to avoid re-running this script phase.\necho \"SUCCESS\" > \"${SCRIPT_OUTPUT_FILE_0}\"\n";
			showEnvVarsInLog = 0;
		};
/* End PBXShellScriptBuildPhase section */

/* Begin PBXSourcesBuildPhase section */
		AB1B0DF7201F606B009F7701 /* Sources */ = {
			isa = PBXSourcesBuildPhase;
			buildActionMask = 2147483647;
			files = (
				AB1B0E11201F66F1009F7701 /* PostDetailsVC.swift in Sources */,
				AB1B0E13201F672D009F7701 /* PostCell.swift in Sources */,
				AB527D98202258C800822613 /* PostPresenter.swift in Sources */,
				ABD42A612023ABFF0075E9E5 /* CommentData.swift in Sources */,
				AB527D96202258BC00822613 /* PostsView.swift in Sources */,
				AB1B0E15201F6746009F7701 /* PostData.swift in Sources */,
				ABBCA4D5201FCF1C00F8E99D /* PostsVC.swift in Sources */,
				ABD42A592023AB7A0075E9E5 /* PostContentView.swift in Sources */,
				AB325235202897E50009587A /* AuthorizeView.swift in Sources */,
				ABD42A632023BFDD0075E9E5 /* PostDetailsPresenter.swift in Sources */,
				AB1B0DFF201F606B009F7701 /* AppDelegate.swift in Sources */,
				AB982B6C2023D5CD00CE7072 /* AddCommentView.swift in Sources */,
				ABD42A5F2023ABEA0075E9E5 /* MarkData.swift in Sources */,
				AB011E6C2026540F000F27D6 /* LoginViewController.swift in Sources */,
				AB325231202896920009587A /* UserData.swift in Sources */,
				ABD42A5B2023AB8F0075E9E5 /* PostCommentsCell.swift in Sources */,
				ABD42A652023BFF30075E9E5 /* PostsDetailsView.swift in Sources */,
				AB3252332028977F0009587A /* AuthorizePresenter.swift in Sources */,
				AB1B0E17201F6761009F7701 /* APIManager.swift in Sources */,
			);
			runOnlyForDeploymentPostprocessing = 0;
		};
/* End PBXSourcesBuildPhase section */

/* Begin PBXVariantGroup section */
		AB1B0E02201F606B009F7701 /* Main.storyboard */ = {
			isa = PBXVariantGroup;
			children = (
				AB1B0E03201F606B009F7701 /* Base */,
			);
			name = Main.storyboard;
			sourceTree = "<group>";
		};
		AB1B0E07201F606B009F7701 /* LaunchScreen.storyboard */ = {
			isa = PBXVariantGroup;
			children = (
				AB1B0E08201F606B009F7701 /* Base */,
			);
			name = LaunchScreen.storyboard;
			sourceTree = "<group>";
		};
/* End PBXVariantGroup section */

/* Begin XCBuildConfiguration section */
		AB1B0E0B201F606B009F7701 /* Debug */ = {
			isa = XCBuildConfiguration;
			buildSettings = {
				ALWAYS_SEARCH_USER_PATHS = NO;
				CLANG_ANALYZER_NONNULL = YES;
				CLANG_ANALYZER_NUMBER_OBJECT_CONVERSION = YES_AGGRESSIVE;
				CLANG_CXX_LANGUAGE_STANDARD = "gnu++14";
				CLANG_CXX_LIBRARY = "libc++";
				CLANG_ENABLE_MODULES = YES;
				CLANG_ENABLE_OBJC_ARC = YES;
				CLANG_WARN_BLOCK_CAPTURE_AUTORELEASING = YES;
				CLANG_WARN_BOOL_CONVERSION = YES;
				CLANG_WARN_COMMA = YES;
				CLANG_WARN_CONSTANT_CONVERSION = YES;
				CLANG_WARN_DIRECT_OBJC_ISA_USAGE = YES_ERROR;
				CLANG_WARN_DOCUMENTATION_COMMENTS = YES;
				CLANG_WARN_EMPTY_BODY = YES;
				CLANG_WARN_ENUM_CONVERSION = YES;
				CLANG_WARN_INFINITE_RECURSION = YES;
				CLANG_WARN_INT_CONVERSION = YES;
				CLANG_WARN_NON_LITERAL_NULL_CONVERSION = YES;
				CLANG_WARN_OBJC_LITERAL_CONVERSION = YES;
				CLANG_WARN_OBJC_ROOT_CLASS = YES_ERROR;
				CLANG_WARN_RANGE_LOOP_ANALYSIS = YES;
				CLANG_WARN_STRICT_PROTOTYPES = YES;
				CLANG_WARN_SUSPICIOUS_MOVE = YES;
				CLANG_WARN_UNGUARDED_AVAILABILITY = YES_AGGRESSIVE;
				CLANG_WARN_UNREACHABLE_CODE = YES;
				CLANG_WARN__DUPLICATE_METHOD_MATCH = YES;
				CODE_SIGN_IDENTITY = "iPhone Developer";
				COPY_PHASE_STRIP = NO;
				DEBUG_INFORMATION_FORMAT = dwarf;
				ENABLE_STRICT_OBJC_MSGSEND = YES;
				ENABLE_TESTABILITY = YES;
				GCC_C_LANGUAGE_STANDARD = gnu11;
				GCC_DYNAMIC_NO_PIC = NO;
				GCC_NO_COMMON_BLOCKS = YES;
				GCC_OPTIMIZATION_LEVEL = 0;
				GCC_PREPROCESSOR_DEFINITIONS = (
					"DEBUG=1",
					"$(inherited)",
				);
				GCC_WARN_64_TO_32_BIT_CONVERSION = YES;
				GCC_WARN_ABOUT_RETURN_TYPE = YES_ERROR;
				GCC_WARN_UNDECLARED_SELECTOR = YES;
				GCC_WARN_UNINITIALIZED_AUTOS = YES_AGGRESSIVE;
				GCC_WARN_UNUSED_FUNCTION = YES;
				GCC_WARN_UNUSED_VARIABLE = YES;
				IPHONEOS_DEPLOYMENT_TARGET = 11.2;
				MTL_ENABLE_DEBUG_INFO = YES;
				ONLY_ACTIVE_ARCH = YES;
				SDKROOT = iphoneos;
				SWIFT_ACTIVE_COMPILATION_CONDITIONS = DEBUG;
				SWIFT_OPTIMIZATION_LEVEL = "-Onone";
			};
			name = Debug;
		};
		AB1B0E0C201F606B009F7701 /* Release */ = {
			isa = XCBuildConfiguration;
			buildSettings = {
				ALWAYS_SEARCH_USER_PATHS = NO;
				CLANG_ANALYZER_NONNULL = YES;
				CLANG_ANALYZER_NUMBER_OBJECT_CONVERSION = YES_AGGRESSIVE;
				CLANG_CXX_LANGUAGE_STANDARD = "gnu++14";
				CLANG_CXX_LIBRARY = "libc++";
				CLANG_ENABLE_MODULES = YES;
				CLANG_ENABLE_OBJC_ARC = YES;
				CLANG_WARN_BLOCK_CAPTURE_AUTORELEASING = YES;
				CLANG_WARN_BOOL_CONVERSION = YES;
				CLANG_WARN_COMMA = YES;
				CLANG_WARN_CONSTANT_CONVERSION = YES;
				CLANG_WARN_DIRECT_OBJC_ISA_USAGE = YES_ERROR;
				CLANG_WARN_DOCUMENTATION_COMMENTS = YES;
				CLANG_WARN_EMPTY_BODY = YES;
				CLANG_WARN_ENUM_CONVERSION = YES;
				CLANG_WARN_INFINITE_RECURSION = YES;
				CLANG_WARN_INT_CONVERSION = YES;
				CLANG_WARN_NON_LITERAL_NULL_CONVERSION = YES;
				CLANG_WARN_OBJC_LITERAL_CONVERSION = YES;
				CLANG_WARN_OBJC_ROOT_CLASS = YES_ERROR;
				CLANG_WARN_RANGE_LOOP_ANALYSIS = YES;
				CLANG_WARN_STRICT_PROTOTYPES = YES;
				CLANG_WARN_SUSPICIOUS_MOVE = YES;
				CLANG_WARN_UNGUARDED_AVAILABILITY = YES_AGGRESSIVE;
				CLANG_WARN_UNREACHABLE_CODE = YES;
				CLANG_WARN__DUPLICATE_METHOD_MATCH = YES;
				CODE_SIGN_IDENTITY = "iPhone Developer";
				COPY_PHASE_STRIP = NO;
				DEBUG_INFORMATION_FORMAT = "dwarf-with-dsym";
				ENABLE_NS_ASSERTIONS = NO;
				ENABLE_STRICT_OBJC_MSGSEND = YES;
				GCC_C_LANGUAGE_STANDARD = gnu11;
				GCC_NO_COMMON_BLOCKS = YES;
				GCC_WARN_64_TO_32_BIT_CONVERSION = YES;
				GCC_WARN_ABOUT_RETURN_TYPE = YES_ERROR;
				GCC_WARN_UNDECLARED_SELECTOR = YES;
				GCC_WARN_UNINITIALIZED_AUTOS = YES_AGGRESSIVE;
				GCC_WARN_UNUSED_FUNCTION = YES;
				GCC_WARN_UNUSED_VARIABLE = YES;
				IPHONEOS_DEPLOYMENT_TARGET = 11.2;
				MTL_ENABLE_DEBUG_INFO = NO;
				SDKROOT = iphoneos;
				SWIFT_OPTIMIZATION_LEVEL = "-Owholemodule";
				VALIDATE_PRODUCT = YES;
			};
			name = Release;
		};
		AB1B0E0E201F606B009F7701 /* Debug */ = {
			isa = XCBuildConfiguration;
			baseConfigurationReference = 74F19590AF9C28D034BBE813 /* Pods-BashtaBlog.debug.xcconfig */;
			buildSettings = {
				ASSETCATALOG_COMPILER_APPICON_NAME = AppIcon;
				CODE_SIGN_STYLE = Automatic;
				DEVELOPMENT_TEAM = 478EAG46F6;
				INFOPLIST_FILE = BashtaBlog/Info.plist;
				LD_RUNPATH_SEARCH_PATHS = "$(inherited) @executable_path/Frameworks";
				PRODUCT_BUNDLE_IDENTIFIER = andreybashta.BashtaBlog;
				PRODUCT_NAME = "$(TARGET_NAME)";
				SWIFT_VERSION = 4.0;
				TARGETED_DEVICE_FAMILY = "1,2";
			};
			name = Debug;
		};
		AB1B0E0F201F606B009F7701 /* Release */ = {
			isa = XCBuildConfiguration;
			baseConfigurationReference = 4234CC41B949C0A52F7E96D6 /* Pods-BashtaBlog.release.xcconfig */;
			buildSettings = {
				ASSETCATALOG_COMPILER_APPICON_NAME = AppIcon;
				CODE_SIGN_STYLE = Automatic;
				DEVELOPMENT_TEAM = 478EAG46F6;
				INFOPLIST_FILE = BashtaBlog/Info.plist;
				LD_RUNPATH_SEARCH_PATHS = "$(inherited) @executable_path/Frameworks";
				PRODUCT_BUNDLE_IDENTIFIER = andreybashta.BashtaBlog;
				PRODUCT_NAME = "$(TARGET_NAME)";
				SWIFT_VERSION = 4.0;
				TARGETED_DEVICE_FAMILY = "1,2";
			};
			name = Release;
		};
/* End XCBuildConfiguration section */

/* Begin XCConfigurationList section */
		AB1B0DF6201F606B009F7701 /* Build configuration list for PBXProject "BashtaBlog" */ = {
			isa = XCConfigurationList;
			buildConfigurations = (
				AB1B0E0B201F606B009F7701 /* Debug */,
				AB1B0E0C201F606B009F7701 /* Release */,
			);
			defaultConfigurationIsVisible = 0;
			defaultConfigurationName = Release;
		};
		AB1B0E0D201F606B009F7701 /* Build configuration list for PBXNativeTarget "BashtaBlog" */ = {
			isa = XCConfigurationList;
			buildConfigurations = (
				AB1B0E0E201F606B009F7701 /* Debug */,
				AB1B0E0F201F606B009F7701 /* Release */,
			);
			defaultConfigurationIsVisible = 0;
			defaultConfigurationName = Release;
		};
/* End XCConfigurationList section */
	};
	rootObject = AB1B0DF3201F606B009F7701 /* Project object */;
}
